<?xml version="1.0" encoding="utf-8"?>
<Project ToolsVersion="4.0" xmlns="http://schemas.microsoft.com/developer/msbuild/2003">
  <ItemGroup>
    <Filter Include="Source Files">
      <UniqueIdentifier>{4FC737F1-C7A5-4376-A066-2A32D752A2FF}</UniqueIdentifier>
      <Extensions>cpp;c;cc;cxx;c++;cppm;ixx;def;odl;idl;hpj;bat;asm;asmx</Extensions>
    </Filter>
    <Filter Include="Header Files">
      <UniqueIdentifier>{93995380-89BD-4b04-88EB-625FBE52EBFB}</UniqueIdentifier>
      <Extensions>h;hh;hpp;hxx;h++;hm;inl;inc;ipp;xsd</Extensions>
    </Filter>
    <Filter Include="Resource Files">
      <UniqueIdentifier>{67DA6AB6-F800-4c08-8B7A-83BB121AAD01}</UniqueIdentifier>
      <Extensions>rc;ico;cur;bmp;dlg;rc2;rct;bin;rgs;gif;jpg;jpeg;jpe;resx;tiff;tif;png;wav;mfcribbon-ms</Extensions>
    </Filter>
  </ItemGroup>
  <ItemGroup>
    <ClCompile Include="main.cpp">
      <Filter>Source Files</Filter>
    </ClCompile>
    <ClCompile Include="src\data\sprite_animation.cpp">
      <Filter>Source Files</Filter>
    </ClCompile>
    <ClCompile Include="src\components\blue_snapjaw_spawner.cpp">
      <Filter>Source Files</Filter>
    </ClCompile>
    <ClCompile Include="src\components\loop_animation.cpp">
      <Filter>Source Files</Filter>
    </ClCompile>
    <ClCompile Include="src\components\fruit.cpp">
      <Filter>Source Files</Filter>
    </ClCompile>
    <ClCompile Include="src\component.cpp">
      <Filter>Source Files</Filter>
    </ClCompile>
    <ClCompile Include="src\game_object.cpp">
      <Filter>Source Files</Filter>
    </ClCompile>
    <ClCompile Include="src\avancezlib.cpp">
      <Filter>Source Files</Filter>
    </ClCompile>
    <ClCompile Include="src\data\path.cpp">
      <Filter>Source Files</Filter>
    </ClCompile>
    <ClCompile Include="src\components\snapjaw.cpp">
      <Filter>Source Files</Filter>
    </ClCompile>
    <ClCompile Include="src\components\sprite_component.cpp">
      <Filter>Source Files</Filter>
    </ClCompile>
    <ClCompile Include="src\components\remove_after_time.cpp">
      <Filter>Source Files</Filter>
    </ClCompile>
    <ClCompile Include="src\components\sprite_velocity_animation.cpp">
      <Filter>Source Files</Filter>
    </ClCompile>
    <ClCompile Include="src\components\liana.cpp">
      <Filter>Source Files</Filter>
    </ClCompile>
    <ClCompile Include="src\components\text.cpp">
      <Filter>Source Files</Filter>
    </ClCompile>
    <ClCompile Include="src\components\sprite_grid.cpp">
      <Filter>Source Files</Filter>
    </ClCompile>
    <ClCompile Include="src\components\blinking_text.cpp">
      <Filter>Source Files</Filter>
    </ClCompile>
    <ClCompile Include="src\components\game\app.cpp">
      <Filter>Source Files</Filter>
    </ClCompile>
    <ClCompile Include="src\data\utils.cpp">
      <Filter>Source Files</Filter>
    </ClCompile>
    <ClCompile Include="src\subsystems\audio_system.cpp">
      <Filter>Source Files</Filter>
    </ClCompile>
    <ClCompile Include="src\subsystems\render_system.cpp">
      <Filter>Source Files</Filter>
    </ClCompile>
    <ClCompile Include="src\components\animate_once.cpp">
      <Filter>Source Files</Filter>
    </ClCompile>
    <ClCompile Include="src\components\game\game.cpp">
      <Filter>Source Files</Filter>
    </ClCompile>
    <ClCompile Include="src\components\junior.cpp">
      <Filter>Source Files</Filter>
    </ClCompile>
    <ClCompile Include="src\components\junior_audio.cpp">
      <Filter>Source Files</Filter>
    </ClCompile>
    <ClCompile Include="src\components\junior_animation.cpp">
      <Filter>Source Files</Filter>
    </ClCompile>
    <ClCompile Include="src\components\game\start_screen.cpp">
      <Filter>Source Files</Filter>
    </ClCompile>
  </ItemGroup>
  <ItemGroup>
    <ClInclude Include="src\data\path.h">
      <Filter>Header Files</Filter>
    </ClInclude>
    <ClInclude Include="src\data\sprite_animation.h">
      <Filter>Header Files</Filter>
    </ClInclude>
    <ClInclude Include="src\components\blue_snapjaw_spawner.h">
      <Filter>Header Files</Filter>
    </ClInclude>
    <ClInclude Include="src\components\loop_animation.h">
      <Filter>Header Files</Filter>
    </ClInclude>
    <ClInclude Include="src\components\hazard.h">
      <Filter>Header Files</Filter>
    </ClInclude>
    <ClInclude Include="src\components\liana.h">
      <Filter>Header Files</Filter>
    </ClInclude>
    <ClInclude Include="src\components\snapjaw.h">
      <Filter>Header Files</Filter>
    </ClInclude>
    <ClInclude Include="src\components\fruit.h">
      <Filter>Header Files</Filter>
    </ClInclude>
    <ClInclude Include="src\components\platform.h">
      <Filter>Header Files</Filter>
    </ClInclude>
    <ClInclude Include="src\component.h">
      <Filter>Header Files</Filter>
    </ClInclude>
    <ClInclude Include="src\data\object_pool.h">
      <Filter>Header Files</Filter>
    </ClInclude>
    <ClInclude Include="src\data\observer.h">
      <Filter>Header Files</Filter>
    </ClInclude>
    <ClInclude Include="src\data\subject.h">
      <Filter>Header Files</Filter>
    </ClInclude>
    <ClInclude Include="src\game_object.h">
      <Filter>Header Files</Filter>
    </ClInclude>
    <ClInclude Include="src\avancezlib.h">
      <Filter>Header Files</Filter>
    </ClInclude>
    <ClInclude Include="src\components\sprite_component.h">
      <Filter>Header Files</Filter>
    </ClInclude>
    <ClInclude Include="src\data\State.h">
      <Filter>Header Files</Filter>
    </ClInclude>
    <ClInclude Include="src\data\empty.h">
      <Filter>Header Files</Filter>
    </ClInclude>
    <ClInclude Include="src\components\remove_after_time.h">
      <Filter>Header Files</Filter>
    </ClInclude>
    <ClInclude Include="src\components\sprite_velocity_animation.h">
      <Filter>Header Files</Filter>
    </ClInclude>
    <ClInclude Include="src\components\text.h">
      <Filter>Header Files</Filter>
    </ClInclude>
    <ClInclude Include="src\components\nitpicker.h">
      <Filter>Header Files</Filter>
    </ClInclude>
    <ClInclude Include="src\components\sprite_grid.h">
      <Filter>Header Files</Filter>
    </ClInclude>
    <ClInclude Include="src\components\blinking_text.h">
      <Filter>Header Files</Filter>
    </ClInclude>
    <ClInclude Include="src\components\game\app.h">
      <Filter>Header Files</Filter>
    </ClInclude>
    <ClInclude Include="src\data\utils.h">
      <Filter>Header Files</Filter>
    </ClInclude>
    <ClInclude Include="src\interfaces\renderer.h">
      <Filter>Header Files</Filter>
    </ClInclude>
    <ClInclude Include="src\interfaces\audio.h">
      <Filter>Header Files</Filter>
    </ClInclude>
    <ClInclude Include="src\subsystems\audio_system.h">
      <Filter>Header Files</Filter>
    </ClInclude>
    <ClInclude Include="src\interfaces\resources.h">
      <Filter>Header Files</Filter>
    </ClInclude>
    <ClInclude Include="src\subsystems\render_system.h">
      <Filter>Header Files</Filter>
    </ClInclude>
    <ClInclude Include="src\interfaces\input.h">
      <Filter>Header Files</Filter>
    </ClInclude>
    <ClInclude Include="src\components\animate_once.h">
      <Filter>Header Files</Filter>
    </ClInclude>
    <ClInclude Include="src\components\game\game.h">
      <Filter>Header Files</Filter>
    </ClInclude>
    <ClInclude Include="src\components\junior.h">
      <Filter>Header Files</Filter>
    </ClInclude>
    <ClInclude Include="src\components\junior_audio.h">
      <Filter>Header Files</Filter>
    </ClInclude>
    <ClInclude Include="src\components\junior_animation.h">
      <Filter>Header Files</Filter>
    </ClInclude>
    <ClInclude Include="src\data\sprite.h">
      <Filter>Header Files</Filter>
    </ClInclude>
    <ClInclude Include="src\interfaces\time.h">
      <Filter>Header Files</Filter>
    </ClInclude>
    <ClInclude Include="src\components\game\start_screen.h">
      <Filter>Header Files</Filter>
    </ClInclude>
  </ItemGroup>
</Project>